
Microsoft Visual Studio Solution File, Format Version 12.00
# Visual Studio Version 16
VisualStudioVersion = 16.0.31313.79
MinimumVisualStudioVersion = 10.0.40219.1
Project("{FAE04EC0-301F-11D3-BF4B-00C04F79EFBC}") = "Smith_cc4", "Smith_cc4\Smith_cc4.csproj", "{288AD62E-F0D0-44D2-8877-3C7C48D81B7F}"
EndProject
Global
	GlobalSection(SolutionConfigurationPlatforms) = preSolution
		Debug|Any CPU = Debug|Any CPU
		Release|Any CPU = Release|Any CPU
	EndGlobalSection
	GlobalSection(ProjectConfigurationPlatforms) = postSolution
		{288AD62E-F0D0-44D2-8877-3C7C48D81B7F}.Debug|Any CPU.ActiveCfg = Debug|Any CPU
		{288AD62E-F0D0-44D2-8877-3C7C48D81B7F}.Debug|Any CPU.Build.0 = Debug|Any CPU
		{288AD62E-F0D0-44D2-8877-3C7C48D81B7F}.Release|Any CPU.ActiveCfg = Release|Any CPU
		{288AD62E-F0D0-44D2-8877-3C7C48D81B7F}.Release|Any CPU.Build.0 = Release|Any CPU
	EndGlobalSection
	GlobalSection(SolutionProperties) = preSolution
		HideSolutionNode = FALSE
	EndGlobalSection
	GlobalSection(ExtensibilityGlobals) = postSolution
		SolutionGuid = {073FF0DF-993E-4941-9449-0AE3618BBAA9}
	EndGlobalSection
EndGlobal
