
Microsoft Visual Studio Solution File, Format Version 12.00
# Visual Studio Version 16
VisualStudioVersion = 16.0.32106.194
MinimumVisualStudioVersion = 10.0.40219.1
Project("{FAE04EC0-301F-11D3-BF4B-00C04F79EFBC}") = "Smith_cc6", "Smith_cc6\Smith_cc6.csproj", "{73696BA7-5EDD-40B5-81D6-D39A58B1BC57}"
EndProject
Global
	GlobalSection(SolutionConfigurationPlatforms) = preSolution
		Debug|Any CPU = Debug|Any CPU
		Release|Any CPU = Release|Any CPU
	EndGlobalSection
	GlobalSection(ProjectConfigurationPlatforms) = postSolution
		{73696BA7-5EDD-40B5-81D6-D39A58B1BC57}.Debug|Any CPU.ActiveCfg = Debug|Any CPU
		{73696BA7-5EDD-40B5-81D6-D39A58B1BC57}.Debug|Any CPU.Build.0 = Debug|Any CPU
		{73696BA7-5EDD-40B5-81D6-D39A58B1BC57}.Release|Any CPU.ActiveCfg = Release|Any CPU
		{73696BA7-5EDD-40B5-81D6-D39A58B1BC57}.Release|Any CPU.Build.0 = Release|Any CPU
	EndGlobalSection
	GlobalSection(SolutionProperties) = preSolution
		HideSolutionNode = FALSE
	EndGlobalSection
	GlobalSection(ExtensibilityGlobals) = postSolution
		SolutionGuid = {9FEE9044-2C7D-4029-A0FC-8BEDEDEBF244}
	EndGlobalSection
EndGlobal
